
Microsoft Visual Studio Solution File, Format Version 12.00
# Visual Studio Version 16
VisualStudioVersion = 16.0.29123.88
MinimumVisualStudioVersion = 10.0.40219.1
Project("{FAE04EC0-301F-11D3-BF4B-00C04F79EFBC}") = "Initiative Tracker", "Initiative Tracker\Initiative Tracker.csproj", "{8DEF71E9-5D90-40AE-B455-F481B24D3239}"
EndProject
Global
	GlobalSection(SolutionConfigurationPlatforms) = preSolution
		Debug|Any CPU = Debug|Any CPU
		Release|Any CPU = Release|Any CPU
	EndGlobalSection
	GlobalSection(ProjectConfigurationPlatforms) = postSolution
		{8DEF71E9-5D90-40AE-B455-F481B24D3239}.Debug|Any CPU.ActiveCfg = Debug|Any CPU
		{8DEF71E9-5D90-40AE-B455-F481B24D3239}.Debug|Any CPU.Build.0 = Debug|Any CPU
		{8DEF71E9-5D90-40AE-B455-F481B24D3239}.Release|Any CPU.ActiveCfg = Release|Any CPU
		{8DEF71E9-5D90-40AE-B455-F481B24D3239}.Release|Any CPU.Build.0 = Release|Any CPU
	EndGlobalSection
	GlobalSection(SolutionProperties) = preSolution
		HideSolutionNode = FALSE
	EndGlobalSection
	GlobalSection(ExtensibilityGlobals) = postSolution
		SolutionGuid = {572AE57C-B1AB-4BAD-A68B-C007A0E84F44}
	EndGlobalSection
EndGlobal
